
Microsoft Visual Studio Solution File, Format Version 12.00
# Visual Studio Version 17
VisualStudioVersion = 17.14.36301.6
MinimumVisualStudioVersion = 10.0.40219.1
Project("{FAE04EC0-301F-11D3-BF4B-00C04F79EFBC}") = "Data", "Data\Data.csproj", "{F36421F4-2E57-4D92-8379-0C4AA42D37C2}"
EndProject
Project("{FAE04EC0-301F-11D3-BF4B-00C04F79EFBC}") = "BackEndTest", "BackEndTest\BackEndTest.csproj", "{451795DA-951B-4CE6-8CFA-C1D4E7AE43C9}"
EndProject
Global
	GlobalSection(SolutionConfigurationPlatforms) = preSolution
		Debug|Any CPU = Debug|Any CPU
		Release|Any CPU = Release|Any CPU
	EndGlobalSection
	GlobalSection(ProjectConfigurationPlatforms) = postSolution
		{F36421F4-2E57-4D92-8379-0C4AA42D37C2}.Debug|Any CPU.ActiveCfg = Debug|Any CPU
		{F36421F4-2E57-4D92-8379-0C4AA42D37C2}.Debug|Any CPU.Build.0 = Debug|Any CPU
		{F36421F4-2E57-4D92-8379-0C4AA42D37C2}.Release|Any CPU.ActiveCfg = Release|Any CPU
		{F36421F4-2E57-4D92-8379-0C4AA42D37C2}.Release|Any CPU.Build.0 = Release|Any CPU
		{451795DA-951B-4CE6-8CFA-C1D4E7AE43C9}.Debug|Any CPU.ActiveCfg = Debug|Any CPU
		{451795DA-951B-4CE6-8CFA-C1D4E7AE43C9}.Debug|Any CPU.Build.0 = Debug|Any CPU
		{451795DA-951B-4CE6-8CFA-C1D4E7AE43C9}.Release|Any CPU.ActiveCfg = Release|Any CPU
		{451795DA-951B-4CE6-8CFA-C1D4E7AE43C9}.Release|Any CPU.Build.0 = Release|Any CPU
	EndGlobalSection
	GlobalSection(SolutionProperties) = preSolution
		HideSolutionNode = FALSE
	EndGlobalSection
	GlobalSection(ExtensibilityGlobals) = postSolution
		SolutionGuid = {9070D12A-595E-4D7E-93CC-3707CE442720}
	EndGlobalSection
EndGlobal
